
Microsoft Visual Studio Solution File, Format Version 12.00
# Visual Studio Version 17
VisualStudioVersion = 17.5.33424.131
MinimumVisualStudioVersion = 10.0.40219.1
Project("{888888A0-9F3D-457C-B088-3A5042F75D52}") = "Astra", "Astra\Astra.pyproj", "{C67667EF-42B3-4318-AE1E-FE58CCBDEB10}"
EndProject
Global
	GlobalSection(SolutionConfigurationPlatforms) = preSolution
		Debug|Any CPU = Debug|Any CPU
		Release|Any CPU = Release|Any CPU
	EndGlobalSection
	GlobalSection(ProjectConfigurationPlatforms) = postSolution
		{C67667EF-42B3-4318-AE1E-FE58CCBDEB10}.Debug|Any CPU.ActiveCfg = Debug|Any CPU
		{C67667EF-42B3-4318-AE1E-FE58CCBDEB10}.Release|Any CPU.ActiveCfg = Release|Any CPU
	EndGlobalSection
	GlobalSection(SolutionProperties) = preSolution
		HideSolutionNode = FALSE
	EndGlobalSection
	GlobalSection(ExtensibilityGlobals) = postSolution
		SolutionGuid = {AAF09AF3-00B6-4942-9079-2B7729B5E37B}
	EndGlobalSection
EndGlobal
